
Microsoft Visual Studio Solution File, Format Version 12.00
# Visual Studio 15
VisualStudioVersion = 15.0.26124.0
MinimumVisualStudioVersion = 15.0.26124.0
Project("{FAE04EC0-301F-11D3-BF4B-00C04F79EFBC}") = "ApiFoundation", "ApiFoundation\ApiFoundation.csproj", "{292B1955-E288-4F1E-9F13-8895F09DED89}"
EndProject
Project("{FAE04EC0-301F-11D3-BF4B-00C04F79EFBC}") = "ApiFoundation.Shared", "ApiFoundation.Shared\ApiFoundation.Shared.csproj", "{CAF68DE7-A09B-4B10-B929-92EE4A33AB12}"
EndProject
Project("{FAE04EC0-301F-11D3-BF4B-00C04F79EFBC}") = "HelloWorld.Api", "HelloWorld.Api\HelloWorld.Api.csproj", "{CE502B02-C882-41FE-A5B7-C0CFA8E0934E}"
EndProject
Project("{FAE04EC0-301F-11D3-BF4B-00C04F79EFBC}") = "XaXd.Api", "XaXd.Api\XaXd.Api.csproj", "{F2FF03F5-D62B-4708-AD66-771BA5E37057}"
EndProject
Global
	GlobalSection(SolutionConfigurationPlatforms) = preSolution
		Debug|Any CPU = Debug|Any CPU
		Debug|x64 = Debug|x64
		Debug|x86 = Debug|x86
		Release|Any CPU = Release|Any CPU
		Release|x64 = Release|x64
		Release|x86 = Release|x86
	EndGlobalSection
	GlobalSection(SolutionProperties) = preSolution
		HideSolutionNode = FALSE
	EndGlobalSection
	GlobalSection(ProjectConfigurationPlatforms) = postSolution
		{292B1955-E288-4F1E-9F13-8895F09DED89}.Debug|Any CPU.ActiveCfg = Debug|Any CPU
		{292B1955-E288-4F1E-9F13-8895F09DED89}.Debug|Any CPU.Build.0 = Debug|Any CPU
		{292B1955-E288-4F1E-9F13-8895F09DED89}.Debug|x64.ActiveCfg = Debug|x64
		{292B1955-E288-4F1E-9F13-8895F09DED89}.Debug|x64.Build.0 = Debug|x64
		{292B1955-E288-4F1E-9F13-8895F09DED89}.Debug|x86.ActiveCfg = Debug|x86
		{292B1955-E288-4F1E-9F13-8895F09DED89}.Debug|x86.Build.0 = Debug|x86
		{292B1955-E288-4F1E-9F13-8895F09DED89}.Release|Any CPU.ActiveCfg = Release|Any CPU
		{292B1955-E288-4F1E-9F13-8895F09DED89}.Release|Any CPU.Build.0 = Release|Any CPU
		{292B1955-E288-4F1E-9F13-8895F09DED89}.Release|x64.ActiveCfg = Release|x64
		{292B1955-E288-4F1E-9F13-8895F09DED89}.Release|x64.Build.0 = Release|x64
		{292B1955-E288-4F1E-9F13-8895F09DED89}.Release|x86.ActiveCfg = Release|x86
		{292B1955-E288-4F1E-9F13-8895F09DED89}.Release|x86.Build.0 = Release|x86
		{CAF68DE7-A09B-4B10-B929-92EE4A33AB12}.Debug|Any CPU.ActiveCfg = Debug|Any CPU
		{CAF68DE7-A09B-4B10-B929-92EE4A33AB12}.Debug|Any CPU.Build.0 = Debug|Any CPU
		{CAF68DE7-A09B-4B10-B929-92EE4A33AB12}.Debug|x64.ActiveCfg = Debug|x64
		{CAF68DE7-A09B-4B10-B929-92EE4A33AB12}.Debug|x64.Build.0 = Debug|x64
		{CAF68DE7-A09B-4B10-B929-92EE4A33AB12}.Debug|x86.ActiveCfg = Debug|x86
		{CAF68DE7-A09B-4B10-B929-92EE4A33AB12}.Debug|x86.Build.0 = Debug|x86
		{CAF68DE7-A09B-4B10-B929-92EE4A33AB12}.Release|Any CPU.ActiveCfg = Release|Any CPU
		{CAF68DE7-A09B-4B10-B929-92EE4A33AB12}.Release|Any CPU.Build.0 = Release|Any CPU
		{CAF68DE7-A09B-4B10-B929-92EE4A33AB12}.Release|x64.ActiveCfg = Release|x64
		{CAF68DE7-A09B-4B10-B929-92EE4A33AB12}.Release|x64.Build.0 = Release|x64
		{CAF68DE7-A09B-4B10-B929-92EE4A33AB12}.Release|x86.ActiveCfg = Release|x86
		{CAF68DE7-A09B-4B10-B929-92EE4A33AB12}.Release|x86.Build.0 = Release|x86
		{CE502B02-C882-41FE-A5B7-C0CFA8E0934E}.Debug|Any CPU.ActiveCfg = Debug|Any CPU
		{CE502B02-C882-41FE-A5B7-C0CFA8E0934E}.Debug|Any CPU.Build.0 = Debug|Any CPU
		{CE502B02-C882-41FE-A5B7-C0CFA8E0934E}.Debug|x64.ActiveCfg = Debug|x64
		{CE502B02-C882-41FE-A5B7-C0CFA8E0934E}.Debug|x64.Build.0 = Debug|x64
		{CE502B02-C882-41FE-A5B7-C0CFA8E0934E}.Debug|x86.ActiveCfg = Debug|x86
		{CE502B02-C882-41FE-A5B7-C0CFA8E0934E}.Debug|x86.Build.0 = Debug|x86
		{CE502B02-C882-41FE-A5B7-C0CFA8E0934E}.Release|Any CPU.ActiveCfg = Release|Any CPU
		{CE502B02-C882-41FE-A5B7-C0CFA8E0934E}.Release|Any CPU.Build.0 = Release|Any CPU
		{CE502B02-C882-41FE-A5B7-C0CFA8E0934E}.Release|x64.ActiveCfg = Release|x64
		{CE502B02-C882-41FE-A5B7-C0CFA8E0934E}.Release|x64.Build.0 = Release|x64
		{CE502B02-C882-41FE-A5B7-C0CFA8E0934E}.Release|x86.ActiveCfg = Release|x86
		{CE502B02-C882-41FE-A5B7-C0CFA8E0934E}.Release|x86.Build.0 = Release|x86
		{F2FF03F5-D62B-4708-AD66-771BA5E37057}.Debug|Any CPU.ActiveCfg = Debug|Any CPU
		{F2FF03F5-D62B-4708-AD66-771BA5E37057}.Debug|Any CPU.Build.0 = Debug|Any CPU
		{F2FF03F5-D62B-4708-AD66-771BA5E37057}.Debug|x64.ActiveCfg = Debug|x64
		{F2FF03F5-D62B-4708-AD66-771BA5E37057}.Debug|x64.Build.0 = Debug|x64
		{F2FF03F5-D62B-4708-AD66-771BA5E37057}.Debug|x86.ActiveCfg = Debug|x86
		{F2FF03F5-D62B-4708-AD66-771BA5E37057}.Debug|x86.Build.0 = Debug|x86
		{F2FF03F5-D62B-4708-AD66-771BA5E37057}.Release|Any CPU.ActiveCfg = Release|Any CPU
		{F2FF03F5-D62B-4708-AD66-771BA5E37057}.Release|Any CPU.Build.0 = Release|Any CPU
		{F2FF03F5-D62B-4708-AD66-771BA5E37057}.Release|x64.ActiveCfg = Release|x64
		{F2FF03F5-D62B-4708-AD66-771BA5E37057}.Release|x64.Build.0 = Release|x64
		{F2FF03F5-D62B-4708-AD66-771BA5E37057}.Release|x86.ActiveCfg = Release|x86
		{F2FF03F5-D62B-4708-AD66-771BA5E37057}.Release|x86.Build.0 = Release|x86
	EndGlobalSection
EndGlobal
